<Solution>
  <Project Path="RPGR.csproj" />
  <Project Path="MaCommon.csproj" />
  <Project Path="UniTask.csproj" />
  <Project Path="YamlDotNet.csproj" />
  <Project Path="LeanCommon.csproj" />
  <Project Path="UniTask.Linq.csproj" />
  <Project Path="LeTai.TrueShadow.Demo.csproj" />
  <Project Path="AVProVideo.Demos.csproj" />
  <Project Path="LeanTransition.csproj" />
  <Project Path="AVProVideo.Editor.csproj" />
  <Project Path="IngameDebugConsole.Runtime.csproj" />
  <Project Path="LeTai.TrueShadow.csproj" />
  <Project Path="NLayer.csproj" />
  <Project Path="Optional.csproj" />
  <Project Path="LeTai.TranslucentImage.csproj" />
  <Project Path="LeTai.TranslucentImage.Editor.csproj" />
  <Project Path="AVProVideo.Runtime.csproj" />
  <Project Path="UniTask.Addressables.csproj" />
  <Project Path="NVorbis.csproj" />
  <Project Path="xxHash.csproj" />
  <Project Path="DOTween.Modules.csproj" />
  <Project Path="CW.Common.csproj" />
  <Project Path="SFB.csproj" />
  <Project Path="LeanGUI.csproj" />
  <Project Path="Assembly-CSharp-Editor.csproj" />
  <Project Path="AsyncAwaitUtil.csproj" />
  <Project Path="LeTai.TrueShadow.Editor.csproj" />
  <Project Path="YamlDotNet.Examples.csproj" />
  <Project Path="Assembly-CSharp.csproj" />
  <Project Path="_AVProVideo.Extensions.VideoPlayer.Editor.csproj" />
  <Project Path="UniTask.TextMeshPro.csproj" />
  <Project Path="SimpleFileBrowser.Runtime.csproj" />
  <Project Path="MaAudio.csproj" />
  <Project Path="UnityAsyncAwaitUtil.csproj" />
  <Project Path="Assembly-CSharp-firstpass.csproj" />
  <Project Path="RPGR.Editor.csproj" />
  <Project Path="AVProVideo.Extensions.Timeline.csproj" />
  <Project Path="MaCommon.Editor.csproj" />
  <Project Path="AVProVideo.Extensions.UnityUI.csproj" />
  <Project Path="UniTask.Editor.csproj" />
  <Project Path="IngameDebugConsole.Editor.csproj" />
  <Project Path="UniTask.DOTween.csproj" />
  <Project Path="LeanTransition.Editor.csproj" />
  <Project Path="AVProVideo.Extensions.VisualEffectGraph.csproj" />
  <Project Path="_AVProVideo.Extensions.VideoPlayer.csproj" />
  <Project Path="AVProVideo.Extensions.UnityUI.Editor.csproj" />
</Solution>
